
Microsoft Visual Studio Solution File, Format Version 12.00
# Visual Studio Version 17
VisualStudioVersion = 17.11.35312.102
MinimumVisualStudioVersion = 10.0.40219.1
Project("{FAE04EC0-301F-11D3-BF4B-00C04F79EFBC}") = "HotelBokingService", "HotelBokingService\HotelBokingService.csproj", "{5A3FF27E-819A-44AE-ABAC-54DBDE92499E}"
EndProject
Global
	GlobalSection(SolutionConfigurationPlatforms) = preSolution
		Debug|Any CPU = Debug|Any CPU
		Release|Any CPU = Release|Any CPU
	EndGlobalSection
	GlobalSection(ProjectConfigurationPlatforms) = postSolution
		{5A3FF27E-819A-44AE-ABAC-54DBDE92499E}.Debug|Any CPU.ActiveCfg = Debug|Any CPU
		{5A3FF27E-819A-44AE-ABAC-54DBDE92499E}.Debug|Any CPU.Build.0 = Debug|Any CPU
		{5A3FF27E-819A-44AE-ABAC-54DBDE92499E}.Release|Any CPU.ActiveCfg = Release|Any CPU
		{5A3FF27E-819A-44AE-ABAC-54DBDE92499E}.Release|Any CPU.Build.0 = Release|Any CPU
	EndGlobalSection
	GlobalSection(SolutionProperties) = preSolution
		HideSolutionNode = FALSE
	EndGlobalSection
	GlobalSection(ExtensibilityGlobals) = postSolution
		SolutionGuid = {B135D2CF-80EC-4FFA-8346-9E70EC4E806D}
	EndGlobalSection
EndGlobal
